
Microsoft Visual Studio Solution File, Format Version 12.00
# Visual Studio 15
VisualStudioVersion = 15.0.26730.12
MinimumVisualStudioVersion = 10.0.40219.1
Project("{FAE04EC0-301F-11D3-BF4B-00C04F79EFBC}") = "CS_Exam", "CS_Exam\CS_Exam.csproj", "{C74286FE-57D8-442D-B277-8A87B3E26D5E}"
EndProject
Global
	GlobalSection(SolutionConfigurationPlatforms) = preSolution
		Debug|Any CPU = Debug|Any CPU
		Release|Any CPU = Release|Any CPU
	EndGlobalSection
	GlobalSection(ProjectConfigurationPlatforms) = postSolution
		{C74286FE-57D8-442D-B277-8A87B3E26D5E}.Debug|Any CPU.ActiveCfg = Debug|Any CPU
		{C74286FE-57D8-442D-B277-8A87B3E26D5E}.Debug|Any CPU.Build.0 = Debug|Any CPU
		{C74286FE-57D8-442D-B277-8A87B3E26D5E}.Release|Any CPU.ActiveCfg = Release|Any CPU
		{C74286FE-57D8-442D-B277-8A87B3E26D5E}.Release|Any CPU.Build.0 = Release|Any CPU
	EndGlobalSection
	GlobalSection(SolutionProperties) = preSolution
		HideSolutionNode = FALSE
	EndGlobalSection
	GlobalSection(ExtensibilityGlobals) = postSolution
		SolutionGuid = {DBA4D7F9-EB70-4192-A6AE-400D2DBA86EC}
	EndGlobalSection
EndGlobal
